// !$*UTF8*$!
{
	archiveVersion = 1;
	classes = {
	};
	objectVersion = 50;
	objects = {

/* Begin PBXBuildFile section */
		FE978B6C241C566900DEF80B /* main.cpp in Sources */ = {isa = PBXBuildFile; fileRef = FE978B6B241C566900DEF80B /* main.cpp */; };
/* End PBXBuildFile section */

/* Begin PBXFileReference section */
		FE978B68241C566900DEF80B /* pathfinding */ = {isa = PBXFileReference; explicitFileType = "compiled.mach-o.executable"; includeInIndex = 0; path = pathfinding; sourceTree = BUILT_PRODUCTS_DIR; };
		FE978B6B241C566900DEF80B /* main.cpp */ = {isa = PBXFileReference; lastKnownFileType = sourcecode.cpp.cpp; path = main.cpp; sourceTree = "<group>"; };
		FE978B6E241C566900DEF80B /* cute_image.jpg */ = {isa = PBXFileReference; lastKnownFileType = image.jpeg; name = cute_image.jpg; path = ../cute_image.jpg; sourceTree = "<group>"; };
		FE978B6F241C566900DEF80B /* nice_music.ogg */ = {isa = PBXFileReference; lastKnownFileType = file; name = nice_music.ogg; path = ../nice_music.ogg; sourceTree = "<group>"; };
		FE978B70241C566900DEF80B /* sansation.ttf */ = {isa = PBXFileReference; lastKnownFileType = file; name = sansation.ttf; path = ../sansation.ttf; sourceTree = "<group>"; };
		FE978B71241C566900DEF80B /* icon.png */ = {isa = PBXFileReference; lastKnownFileType = image.png; name = icon.png; path = ../icon.png; sourceTree = "<group>"; };
/* End PBXFileReference section */

/* Begin PBXFrameworksBuildPhase section */
		FE978B66241C566900DEF80B /* Frameworks */ = {
			isa = PBXFrameworksBuildPhase;
			buildActionMask = 2147483647;
			files = (
			);
			runOnlyForDeploymentPostprocessing = 0;
		};
/* End PBXFrameworksBuildPhase section */

/* Begin PBXGroup section */
		FE978B60241C566900DEF80B = {
			isa = PBXGroup;
			children = (
				FE978B6A241C566900DEF80B /* pathfinding */,
				FE978B69241C566900DEF80B /* Products */,
			);
			sourceTree = "<group>";
		};
		FE978B69241C566900DEF80B /* Products */ = {
			isa = PBXGroup;
			children = (
				FE978B68241C566900DEF80B /* pathfinding */,
			);
			name = Products;
			sourceTree = "<group>";
		};
		FE978B6A241C566900DEF80B /* pathfinding */ = {
			isa = PBXGroup;
			children = (
				FE978B6B241C566900DEF80B /* main.cpp */,
				FE978B6D241C566900DEF80B /* Resources */,
			);
			path = pathfinding;
			sourceTree = "<group>";
		};
		FE978B6D241C566900DEF80B /* Resources */ = {
			isa = PBXGroup;
			children = (
				FE978B6E241C566900DEF80B /* cute_image.jpg */,
				FE978B6F241C566900DEF80B /* nice_music.ogg */,
				FE978B70241C566900DEF80B /* sansation.ttf */,
				FE978B71241C566900DEF80B /* icon.png */,
			);
			path = Resources;
			sourceTree = "<group>";
		};
/* End PBXGroup section */

/* Begin PBXNativeTarget section */
		FE978B67241C566900DEF80B /* pathfinding */ = {
			isa = PBXNativeTarget;
			buildConfigurationList = FE978B74241C566900DEF80B /* Build configuration list for PBXNativeTarget "pathfinding" */;
			buildPhases = (
				FE978B65241C566900DEF80B /* Sources */,
				FE978B66241C566900DEF80B /* Frameworks */,
			);
			buildRules = (
			);
			dependencies = (
			);
			name = pathfinding;
			productName = pathfinding;
			productReference = FE978B68241C566900DEF80B /* pathfinding */;
			productType = "com.apple.product-type.tool";
		};
/* End PBXNativeTarget section */

/* Begin PBXProject section */
		FE978B61241C566900DEF80B /* Project object */ = {
			isa = PBXProject;
			attributes = {
				LastUpgradeCheck = 1130;
				ORGANIZATIONNAME = "Haley Lai";
				TargetAttributes = {
					FE978B67241C566900DEF80B = {
						CreatedOnToolsVersion = 11.3.1;
					};
				};
			};
			buildConfigurationList = FE978B64241C566900DEF80B /* Build configuration list for PBXProject "pathfinding" */;
			compatibilityVersion = "Xcode 9.3";
			developmentRegion = en;
			hasScannedForEncodings = 0;
			knownRegions = (
				en,
				Base,
			);
			mainGroup = FE978B60241C566900DEF80B;
			productRefGroup = FE978B69241C566900DEF80B /* Products */;
			projectDirPath = "";
			projectRoot = "";
			targets = (
				FE978B67241C566900DEF80B /* pathfinding */,
			);
		};
/* End PBXProject section */

/* Begin PBXSourcesBuildPhase section */
		FE978B65241C566900DEF80B /* Sources */ = {
			isa = PBXSourcesBuildPhase;
			buildActionMask = 2147483647;
			files = (
				FE978B6C241C566900DEF80B /* main.cpp in Sources */,
			);
			runOnlyForDeploymentPostprocessing = 0;
		};
/* End PBXSourcesBuildPhase section */

/* Begin XCBuildConfiguration section */
		FE978B72241C566900DEF80B /* Debug */ = {
			isa = XCBuildConfiguration;
			buildSettings = {
				ARCHS = "$(NATIVE_ARCH_ACTUAL)";
				CLANG_CXX_LANGUAGE_STANDARD = "c++11";
				CLANG_CXX_LIBRARY = "libc++";
				FRAMEWORK_SEARCH_PATHS = (
					/Library/Frameworks/,
					"$(inherited)",
				);
				GCC_VERSION = com.apple.compilers.llvm.clang.1_0;
				HEADER_SEARCH_PATHS = (
					/usr/local/include/,
					"$(inherited)",
				);
				LIBRARY_SEARCH_PATHS = (
					/usr/local/lib/,
					"$(inherited)",
				);
				MACOSX_DEPLOYMENT_TARGET = 10.7;
				OTHER_LDFLAGS = (
					"$(inherited)",
					"$(SFML_SYSTEM)",
					"$(SFML_WINDOW)",
					"$(SFML_GRAPHICS)",
					"$(SFML_AUDIO)",
					"$(SFML_NETWORK)",
				);
				SFML_AUDIO = "";
				SFML_BINARY_TYPE = FRAMEWORKS;
				SFML_GRAPHICS = "$(SFML_LINK_PREFIX) sfml-graphics$(SFML_LINK_SUFFIX)";
				SFML_LINK_DYLIBS_PREFIX = "-l";
				SFML_LINK_DYLIBS_SUFFIX = "";
				SFML_LINK_FRAMEWORKS_PREFIX = "-framework";
				SFML_LINK_FRAMEWORKS_SUFFIX = "";
				SFML_LINK_PREFIX = "$(SFML_LINK_$(SFML_BINARY_TYPE)_PREFIX)";
				SFML_LINK_SUFFIX = "$(SFML_LINK_$(SFML_BINARY_TYPE)_SUFFIX)";
				SFML_NETWORK = "";
				SFML_SYSTEM = "$(SFML_LINK_PREFIX) sfml-system$(SFML_LINK_SUFFIX)";
				SFML_WINDOW = "$(SFML_LINK_PREFIX) sfml-window$(SFML_LINK_SUFFIX)";
				SUPPORTED_PLATFORMS = macosx;
			};
			name = Debug;
		};
		FE978B73241C566900DEF80B /* Release */ = {
			isa = XCBuildConfiguration;
			buildSettings = {
				ARCHS = "$(NATIVE_ARCH_ACTUAL)";
				CLANG_CXX_LANGUAGE_STANDARD = "c++11";
				CLANG_CXX_LIBRARY = "libc++";
				FRAMEWORK_SEARCH_PATHS = (
					/Library/Frameworks/,
					"$(inherited)",
				);
				GCC_VERSION = com.apple.compilers.llvm.clang.1_0;
				HEADER_SEARCH_PATHS = (
					/usr/local/include/,
					"$(inherited)",
				);
				LIBRARY_SEARCH_PATHS = (
					/usr/local/lib/,
					"$(inherited)",
				);
				MACOSX_DEPLOYMENT_TARGET = 10.7;
				OTHER_LDFLAGS = (
					"$(inherited)",
					"$(SFML_SYSTEM)",
					"$(SFML_WINDOW)",
					"$(SFML_GRAPHICS)",
					"$(SFML_AUDIO)",
					"$(SFML_NETWORK)",
				);
				SFML_AUDIO = "";
				SFML_BINARY_TYPE = FRAMEWORKS;
				SFML_GRAPHICS = "$(SFML_LINK_PREFIX) sfml-graphics$(SFML_LINK_SUFFIX)";
				SFML_LINK_DYLIBS_PREFIX = "-l";
				SFML_LINK_DYLIBS_SUFFIX = "";
				SFML_LINK_FRAMEWORKS_PREFIX = "-framework";
				SFML_LINK_FRAMEWORKS_SUFFIX = "";
				SFML_LINK_PREFIX = "$(SFML_LINK_$(SFML_BINARY_TYPE)_PREFIX)";
				SFML_LINK_SUFFIX = "$(SFML_LINK_$(SFML_BINARY_TYPE)_SUFFIX)";
				SFML_NETWORK = "";
				SFML_SYSTEM = "$(SFML_LINK_PREFIX) sfml-system$(SFML_LINK_SUFFIX)";
				SFML_WINDOW = "$(SFML_LINK_PREFIX) sfml-window$(SFML_LINK_SUFFIX)";
				SUPPORTED_PLATFORMS = macosx;
			};
			name = Release;
		};
		FE978B75241C566900DEF80B /* Debug */ = {
			isa = XCBuildConfiguration;
			buildSettings = {
				CODE_SIGN_STYLE = Automatic;
				PRODUCT_NAME = "$(TARGET_NAME)";
			};
			name = Debug;
		};
		FE978B76241C566900DEF80B /* Release */ = {
			isa = XCBuildConfiguration;
			buildSettings = {
				CODE_SIGN_STYLE = Automatic;
				PRODUCT_NAME = "$(TARGET_NAME)";
			};
			name = Release;
		};
/* End XCBuildConfiguration section */

/* Begin XCConfigurationList section */
		FE978B64241C566900DEF80B /* Build configuration list for PBXProject "pathfinding" */ = {
			isa = XCConfigurationList;
			buildConfigurations = (
				FE978B72241C566900DEF80B /* Debug */,
				FE978B73241C566900DEF80B /* Release */,
			);
			defaultConfigurationIsVisible = 0;
			defaultConfigurationName = Release;
		};
		FE978B74241C566900DEF80B /* Build configuration list for PBXNativeTarget "pathfinding" */ = {
			isa = XCConfigurationList;
			buildConfigurations = (
				FE978B75241C566900DEF80B /* Debug */,
				FE978B76241C566900DEF80B /* Release */,
			);
			defaultConfigurationIsVisible = 0;
			defaultConfigurationName = Release;
		};
/* End XCConfigurationList section */
	};
	rootObject = FE978B61241C566900DEF80B /* Project object */;
}
